// !$*UTF8*$!
{
	archiveVersion = 1;
	classes = {
	};
	objectVersion = 50;
	objects = {

/* Begin PBXBuildFile section */
		2719A5FD2148B7C000C90130 /* AppDelegate.swift in Sources */ = {isa = PBXBuildFile; fileRef = 2719A5FC2148B7C000C90130 /* AppDelegate.swift */; };
		2719A5FF2148B7C000C90130 /* ViewController.swift in Sources */ = {isa = PBXBuildFile; fileRef = 2719A5FE2148B7C000C90130 /* ViewController.swift */; };
		2719A6022148B7C000C90130 /* Main.storyboard in Resources */ = {isa = PBXBuildFile; fileRef = 2719A6002148B7C000C90130 /* Main.storyboard */; };
		2719A6042148B7C200C90130 /* Assets.xcassets in Resources */ = {isa = PBXBuildFile; fileRef = 2719A6032148B7C200C90130 /* Assets.xcassets */; };
		2719A6072148B7C200C90130 /* LaunchScreen.storyboard in Resources */ = {isa = PBXBuildFile; fileRef = 2719A6052148B7C200C90130 /* LaunchScreen.storyboard */; };
		2719A6112148BA3E00C90130 /* Localizable.strings in Resources */ = {isa = PBXBuildFile; fileRef = 2719A6132148BA3E00C90130 /* Localizable.strings */; };
		2719A6182148C11800C90130 /* LanguageLocalized.swift in Sources */ = {isa = PBXBuildFile; fileRef = 2719A6172148C11800C90130 /* LanguageLocalized.swift */; };
		271FFE8F21492BCF00DB4BB7 /* keyString.swift in Sources */ = {isa = PBXBuildFile; fileRef = 271FFE8E21492BCF00DB4BB7 /* keyString.swift */; };
/* End PBXBuildFile section */

/* Begin PBXFileReference section */
		2719A5F92148B7C000C90130 /* languageTest.app */ = {isa = PBXFileReference; explicitFileType = wrapper.application; includeInIndex = 0; path = languageTest.app; sourceTree = BUILT_PRODUCTS_DIR; };
		2719A5FC2148B7C000C90130 /* AppDelegate.swift */ = {isa = PBXFileReference; lastKnownFileType = sourcecode.swift; path = AppDelegate.swift; sourceTree = "<group>"; };
		2719A5FE2148B7C000C90130 /* ViewController.swift */ = {isa = PBXFileReference; lastKnownFileType = sourcecode.swift; path = ViewController.swift; sourceTree = "<group>"; };
		2719A6012148B7C000C90130 /* Base */ = {isa = PBXFileReference; lastKnownFileType = file.storyboard; name = Base; path = Base.lproj/Main.storyboard; sourceTree = "<group>"; };
		2719A6032148B7C200C90130 /* Assets.xcassets */ = {isa = PBXFileReference; lastKnownFileType = folder.assetcatalog; path = Assets.xcassets; sourceTree = "<group>"; };
		2719A6062148B7C200C90130 /* Base */ = {isa = PBXFileReference; lastKnownFileType = file.storyboard; name = Base; path = Base.lproj/LaunchScreen.storyboard; sourceTree = "<group>"; };
		2719A6082148B7C200C90130 /* Info.plist */ = {isa = PBXFileReference; lastKnownFileType = text.plist.xml; path = Info.plist; sourceTree = "<group>"; };
		2719A6122148BA3E00C90130 /* en */ = {isa = PBXFileReference; lastKnownFileType = text.plist.strings; name = en; path = en.lproj/Localizable.strings; sourceTree = "<group>"; };
		2719A6142148BE0900C90130 /* zh-Hans */ = {isa = PBXFileReference; lastKnownFileType = text.plist.strings; name = "zh-Hans"; path = "zh-Hans.lproj/Localizable.strings"; sourceTree = "<group>"; };
		2719A6152148BE0900C90130 /* zh-Hans */ = {isa = PBXFileReference; lastKnownFileType = text.plist.strings; name = "zh-Hans"; path = "zh-Hans.lproj/Main.strings"; sourceTree = "<group>"; };
		2719A6162148BE0900C90130 /* zh-Hans */ = {isa = PBXFileReference; lastKnownFileType = text.plist.strings; name = "zh-Hans"; path = "zh-Hans.lproj/LaunchScreen.strings"; sourceTree = "<group>"; };
		2719A6172148C11800C90130 /* LanguageLocalized.swift */ = {isa = PBXFileReference; lastKnownFileType = sourcecode.swift; path = LanguageLocalized.swift; sourceTree = "<group>"; };
		271FFE8E21492BCF00DB4BB7 /* keyString.swift */ = {isa = PBXFileReference; lastKnownFileType = sourcecode.swift; path = keyString.swift; sourceTree = "<group>"; };
/* End PBXFileReference section */

/* Begin PBXFrameworksBuildPhase section */
		2719A5F62148B7C000C90130 /* Frameworks */ = {
			isa = PBXFrameworksBuildPhase;
			buildActionMask = 2147483647;
			files = (
			);
			runOnlyForDeploymentPostprocessing = 0;
		};
/* End PBXFrameworksBuildPhase section */

/* Begin PBXGroup section */
		2719A5F02148B7C000C90130 = {
			isa = PBXGroup;
			children = (
				2719A5FB2148B7C000C90130 /* languageTest */,
				2719A5FA2148B7C000C90130 /* Products */,
			);
			sourceTree = "<group>";
		};
		2719A5FA2148B7C000C90130 /* Products */ = {
			isa = PBXGroup;
			children = (
				2719A5F92148B7C000C90130 /* languageTest.app */,
			);
			name = Products;
			sourceTree = "<group>";
		};
		2719A5FB2148B7C000C90130 /* languageTest */ = {
			isa = PBXGroup;
			children = (
				2719A5FC2148B7C000C90130 /* AppDelegate.swift */,
				2719A5FE2148B7C000C90130 /* ViewController.swift */,
				2719A6002148B7C000C90130 /* Main.storyboard */,
				2719A6032148B7C200C90130 /* Assets.xcassets */,
				2719A6052148B7C200C90130 /* LaunchScreen.storyboard */,
				2719A6082148B7C200C90130 /* Info.plist */,
				2719A6132148BA3E00C90130 /* Localizable.strings */,
				2719A6172148C11800C90130 /* LanguageLocalized.swift */,
				271FFE8E21492BCF00DB4BB7 /* keyString.swift */,
			);
			path = languageTest;
			sourceTree = "<group>";
		};
/* End PBXGroup section */

/* Begin PBXNativeTarget section */
		2719A5F82148B7C000C90130 /* languageTest */ = {
			isa = PBXNativeTarget;
			buildConfigurationList = 2719A60B2148B7C200C90130 /* Build configuration list for PBXNativeTarget "languageTest" */;
			buildPhases = (
				2719A5F52148B7C000C90130 /* Sources */,
				2719A5F62148B7C000C90130 /* Frameworks */,
				2719A5F72148B7C000C90130 /* Resources */,
			);
			buildRules = (
			);
			dependencies = (
			);
			name = languageTest;
			productName = languageTest;
			productReference = 2719A5F92148B7C000C90130 /* languageTest.app */;
			productType = "com.apple.product-type.application";
		};
/* End PBXNativeTarget section */

/* Begin PBXProject section */
		2719A5F12148B7C000C90130 /* Project object */ = {
			isa = PBXProject;
			attributes = {
				LastSwiftUpdateCheck = 0940;
				LastUpgradeCheck = 0940;
				ORGANIZATIONNAME = mixotc;
				TargetAttributes = {
					2719A5F82148B7C000C90130 = {
						CreatedOnToolsVersion = 9.4.1;
					};
				};
			};
			buildConfigurationList = 2719A5F42148B7C000C90130 /* Build configuration list for PBXProject "languageTest" */;
			compatibilityVersion = "Xcode 9.3";
			developmentRegion = en;
			hasScannedForEncodings = 0;
			knownRegions = (
				en,
				Base,
				"zh-Hans",
			);
			mainGroup = 2719A5F02148B7C000C90130;
			productRefGroup = 2719A5FA2148B7C000C90130 /* Products */;
			projectDirPath = "";
			projectRoot = "";
			targets = (
				2719A5F82148B7C000C90130 /* languageTest */,
			);
		};
/* End PBXProject section */

/* Begin PBXResourcesBuildPhase section */
		2719A5F72148B7C000C90130 /* Resources */ = {
			isa = PBXResourcesBuildPhase;
			buildActionMask = 2147483647;
			files = (
				2719A6072148B7C200C90130 /* LaunchScreen.storyboard in Resources */,
				2719A6112148BA3E00C90130 /* Localizable.strings in Resources */,
				2719A6042148B7C200C90130 /* Assets.xcassets in Resources */,
				2719A6022148B7C000C90130 /* Main.storyboard in Resources */,
			);
			runOnlyForDeploymentPostprocessing = 0;
		};
/* End PBXResourcesBuildPhase section */

/* Begin PBXSourcesBuildPhase section */
		2719A5F52148B7C000C90130 /* Sources */ = {
			isa = PBXSourcesBuildPhase;
			buildActionMask = 2147483647;
			files = (
				2719A5FF2148B7C000C90130 /* ViewController.swift in Sources */,
				2719A6182148C11800C90130 /* LanguageLocalized.swift in Sources */,
				271FFE8F21492BCF00DB4BB7 /* keyString.swift in Sources */,
				2719A5FD2148B7C000C90130 /* AppDelegate.swift in Sources */,
			);
			runOnlyForDeploymentPostprocessing = 0;
		};
/* End PBXSourcesBuildPhase section */

/* Begin PBXVariantGroup section */
		2719A6002148B7C000C90130 /* Main.storyboard */ = {
			isa = PBXVariantGroup;
			children = (
				2719A6012148B7C000C90130 /* Base */,
				2719A6152148BE0900C90130 /* zh-Hans */,
			);
			name = Main.storyboard;
			sourceTree = "<group>";
		};
		2719A6052148B7C200C90130 /* LaunchScreen.storyboard */ = {
			isa = PBXVariantGroup;
			children = (
				2719A6062148B7C200C90130 /* Base */,
				2719A6162148BE0900C90130 /* zh-Hans */,
			);
			name = LaunchScreen.storyboard;
			sourceTree = "<group>";
		};
		2719A6132148BA3E00C90130 /* Localizable.strings */ = {
			isa = PBXVariantGroup;
			children = (
				2719A6122148BA3E00C90130 /* en */,
				2719A6142148BE0900C90130 /* zh-Hans */,
			);
			name = Localizable.strings;
			sourceTree = "<group>";
		};
/* End PBXVariantGroup section */

/* Begin XCBuildConfiguration section */
		2719A6092148B7C200C90130 /* Debug */ = {
			isa = XCBuildConfiguration;
			buildSettings = {
				ALWAYS_SEARCH_USER_PATHS = NO;
				CLANG_ANALYZER_LOCALIZABILITY_NONLOCALIZED = YES;
				CLANG_ANALYZER_NONNULL = YES;
				CLANG_ANALYZER_NUMBER_OBJECT_CONVERSION = YES_AGGRESSIVE;
				CLANG_CXX_LANGUAGE_STANDARD = "gnu++14";
				CLANG_CXX_LIBRARY = "libc++";
				CLANG_ENABLE_MODULES = YES;
				CLANG_ENABLE_OBJC_ARC = YES;
				CLANG_ENABLE_OBJC_WEAK = YES;
				CLANG_WARN_BLOCK_CAPTURE_AUTORELEASING = YES;
				CLANG_WARN_BOOL_CONVERSION = YES;
				CLANG_WARN_COMMA = YES;
				CLANG_WARN_CONSTANT_CONVERSION = YES;
				CLANG_WARN_DEPRECATED_OBJC_IMPLEMENTATIONS = YES;
				CLANG_WARN_DIRECT_OBJC_ISA_USAGE = YES_ERROR;
				CLANG_WARN_DOCUMENTATION_COMMENTS = YES;
				CLANG_WARN_EMPTY_BODY = YES;
				CLANG_WARN_ENUM_CONVERSION = YES;
				CLANG_WARN_INFINITE_RECURSION = YES;
				CLANG_WARN_INT_CONVERSION = YES;
				CLANG_WARN_NON_LITERAL_NULL_CONVERSION = YES;
				CLANG_WARN_OBJC_IMPLICIT_RETAIN_SELF = YES;
				CLANG_WARN_OBJC_LITERAL_CONVERSION = YES;
				CLANG_WARN_OBJC_ROOT_CLASS = YES_ERROR;
				CLANG_WARN_RANGE_LOOP_ANALYSIS = YES;
				CLANG_WARN_STRICT_PROTOTYPES = YES;
				CLANG_WARN_SUSPICIOUS_MOVE = YES;
				CLANG_WARN_UNGUARDED_AVAILABILITY = YES_AGGRESSIVE;
				CLANG_WARN_UNREACHABLE_CODE = YES;
				CLANG_WARN__DUPLICATE_METHOD_MATCH = YES;
				CODE_SIGN_IDENTITY = "iPhone Developer";
				COPY_PHASE_STRIP = NO;
				DEBUG_INFORMATION_FORMAT = dwarf;
				ENABLE_STRICT_OBJC_MSGSEND = YES;
				ENABLE_TESTABILITY = YES;
				GCC_C_LANGUAGE_STANDARD = gnu11;
				GCC_DYNAMIC_NO_PIC = NO;
				GCC_NO_COMMON_BLOCKS = YES;
				GCC_OPTIMIZATION_LEVEL = 0;
				GCC_PREPROCESSOR_DEFINITIONS = (
					"DEBUG=1",
					"$(inherited)",
				);
				GCC_WARN_64_TO_32_BIT_CONVERSION = YES;
				GCC_WARN_ABOUT_RETURN_TYPE = YES_ERROR;
				GCC_WARN_UNDECLARED_SELECTOR = YES;
				GCC_WARN_UNINITIALIZED_AUTOS = YES_AGGRESSIVE;
				GCC_WARN_UNUSED_FUNCTION = YES;
				GCC_WARN_UNUSED_VARIABLE = YES;
				IPHONEOS_DEPLOYMENT_TARGET = 11.4;
				MTL_ENABLE_DEBUG_INFO = YES;
				ONLY_ACTIVE_ARCH = YES;
				SDKROOT = iphoneos;
				SWIFT_ACTIVE_COMPILATION_CONDITIONS = DEBUG;
				SWIFT_OPTIMIZATION_LEVEL = "-Onone";
			};
			name = Debug;
		};
		2719A60A2148B7C200C90130 /* Release */ = {
			isa = XCBuildConfiguration;
			buildSettings = {
				ALWAYS_SEARCH_USER_PATHS = NO;
				CLANG_ANALYZER_LOCALIZABILITY_NONLOCALIZED = YES;
				CLANG_ANALYZER_NONNULL = YES;
				CLANG_ANALYZER_NUMBER_OBJECT_CONVERSION = YES_AGGRESSIVE;
				CLANG_CXX_LANGUAGE_STANDARD = "gnu++14";
				CLANG_CXX_LIBRARY = "libc++";
				CLANG_ENABLE_MODULES = YES;
				CLANG_ENABLE_OBJC_ARC = YES;
				CLANG_ENABLE_OBJC_WEAK = YES;
				CLANG_WARN_BLOCK_CAPTURE_AUTORELEASING = YES;
				CLANG_WARN_BOOL_CONVERSION = YES;
				CLANG_WARN_COMMA = YES;
				CLANG_WARN_CONSTANT_CONVERSION = YES;
				CLANG_WARN_DEPRECATED_OBJC_IMPLEMENTATIONS = YES;
				CLANG_WARN_DIRECT_OBJC_ISA_USAGE = YES_ERROR;
				CLANG_WARN_DOCUMENTATION_COMMENTS = YES;
				CLANG_WARN_EMPTY_BODY = YES;
				CLANG_WARN_ENUM_CONVERSION = YES;
				CLANG_WARN_INFINITE_RECURSION = YES;
				CLANG_WARN_INT_CONVERSION = YES;
				CLANG_WARN_NON_LITERAL_NULL_CONVERSION = YES;
				CLANG_WARN_OBJC_IMPLICIT_RETAIN_SELF = YES;
				CLANG_WARN_OBJC_LITERAL_CONVERSION = YES;
				CLANG_WARN_OBJC_ROOT_CLASS = YES_ERROR;
				CLANG_WARN_RANGE_LOOP_ANALYSIS = YES;
				CLANG_WARN_STRICT_PROTOTYPES = YES;
				CLANG_WARN_SUSPICIOUS_MOVE = YES;
				CLANG_WARN_UNGUARDED_AVAILABILITY = YES_AGGRESSIVE;
				CLANG_WARN_UNREACHABLE_CODE = YES;
				CLANG_WARN__DUPLICATE_METHOD_MATCH = YES;
				CODE_SIGN_IDENTITY = "iPhone Developer";
				COPY_PHASE_STRIP = NO;
				DEBUG_INFORMATION_FORMAT = "dwarf-with-dsym";
				ENABLE_NS_ASSERTIONS = NO;
				ENABLE_STRICT_OBJC_MSGSEND = YES;
				GCC_C_LANGUAGE_STANDARD = gnu11;
				GCC_NO_COMMON_BLOCKS = YES;
				GCC_WARN_64_TO_32_BIT_CONVERSION = YES;
				GCC_WARN_ABOUT_RETURN_TYPE = YES_ERROR;
				GCC_WARN_UNDECLARED_SELECTOR = YES;
				GCC_WARN_UNINITIALIZED_AUTOS = YES_AGGRESSIVE;
				GCC_WARN_UNUSED_FUNCTION = YES;
				GCC_WARN_UNUSED_VARIABLE = YES;
				IPHONEOS_DEPLOYMENT_TARGET = 11.4;
				MTL_ENABLE_DEBUG_INFO = NO;
				SDKROOT = iphoneos;
				SWIFT_COMPILATION_MODE = wholemodule;
				SWIFT_OPTIMIZATION_LEVEL = "-O";
				VALIDATE_PRODUCT = YES;
			};
			name = Release;
		};
		2719A60C2148B7C200C90130 /* Debug */ = {
			isa = XCBuildConfiguration;
			buildSettings = {
				ASSETCATALOG_COMPILER_APPICON_NAME = AppIcon;
				CODE_SIGN_STYLE = Automatic;
				DEVELOPMENT_TEAM = PMY3X36HZ2;
				INFOPLIST_FILE = languageTest/Info.plist;
				LD_RUNPATH_SEARCH_PATHS = (
					"$(inherited)",
					"@executable_path/Frameworks",
				);
				PRODUCT_BUNDLE_IDENTIFIER = com.languageTest;
				PRODUCT_NAME = "$(TARGET_NAME)";
				SWIFT_VERSION = 4.0;
				TARGETED_DEVICE_FAMILY = "1,2";
			};
			name = Debug;
		};
		2719A60D2148B7C200C90130 /* Release */ = {
			isa = XCBuildConfiguration;
			buildSettings = {
				ASSETCATALOG_COMPILER_APPICON_NAME = AppIcon;
				CODE_SIGN_STYLE = Automatic;
				DEVELOPMENT_TEAM = PMY3X36HZ2;
				INFOPLIST_FILE = languageTest/Info.plist;
				LD_RUNPATH_SEARCH_PATHS = (
					"$(inherited)",
					"@executable_path/Frameworks",
				);
				PRODUCT_BUNDLE_IDENTIFIER = com.languageTest;
				PRODUCT_NAME = "$(TARGET_NAME)";
				SWIFT_VERSION = 4.0;
				TARGETED_DEVICE_FAMILY = "1,2";
			};
			name = Release;
		};
/* End XCBuildConfiguration section */

/* Begin XCConfigurationList section */
		2719A5F42148B7C000C90130 /* Build configuration list for PBXProject "languageTest" */ = {
			isa = XCConfigurationList;
			buildConfigurations = (
				2719A6092148B7C200C90130 /* Debug */,
				2719A60A2148B7C200C90130 /* Release */,
			);
			defaultConfigurationIsVisible = 0;
			defaultConfigurationName = Release;
		};
		2719A60B2148B7C200C90130 /* Build configuration list for PBXNativeTarget "languageTest" */ = {
			isa = XCConfigurationList;
			buildConfigurations = (
				2719A60C2148B7C200C90130 /* Debug */,
				2719A60D2148B7C200C90130 /* Release */,
			);
			defaultConfigurationIsVisible = 0;
			defaultConfigurationName = Release;
		};
/* End XCConfigurationList section */
	};
	rootObject = 2719A5F12148B7C000C90130 /* Project object */;
}
